
Microsoft Visual Studio Solution File, Format Version 12.00
# Visual Studio Version 17
VisualStudioVersion = 17.1.32421.90
MinimumVisualStudioVersion = 10.0.40219.1
Project("{FAE04EC0-301F-11D3-BF4B-00C04F79EFBC}") = "1_feladat", "1_feladat\1_feladat.csproj", "{4D75D1F1-B253-4F29-9497-37D1DE38A51E}"
EndProject
Project("{FAE04EC0-301F-11D3-BF4B-00C04F79EFBC}") = "2_feladat", "2_feladat\2_feladat.csproj", "{0751B777-73E7-40F4-8602-DE3CA7671EC3}"
EndProject
Project("{FAE04EC0-301F-11D3-BF4B-00C04F79EFBC}") = "3_feladat", "3_feladat\3_feladat.csproj", "{8DD9936D-BEBF-4444-8CE8-DB41DA86A841}"
EndProject
Project("{FAE04EC0-301F-11D3-BF4B-00C04F79EFBC}") = "4_feladat", "4_feladat\4_feladat.csproj", "{7ECC4D13-9399-44D4-8DD8-69E151DCA9D7}"
EndProject
Project("{FAE04EC0-301F-11D3-BF4B-00C04F79EFBC}") = "Bonusz_feladat", "Bonusz_feladat\Bonusz_feladat.csproj", "{83D8B6D4-7F2C-4E89-9774-A32660EA0CED}"
EndProject
Global
	GlobalSection(SolutionConfigurationPlatforms) = preSolution
		Debug|Any CPU = Debug|Any CPU
		Release|Any CPU = Release|Any CPU
	EndGlobalSection
	GlobalSection(ProjectConfigurationPlatforms) = postSolution
		{4D75D1F1-B253-4F29-9497-37D1DE38A51E}.Debug|Any CPU.ActiveCfg = Debug|Any CPU
		{4D75D1F1-B253-4F29-9497-37D1DE38A51E}.Debug|Any CPU.Build.0 = Debug|Any CPU
		{4D75D1F1-B253-4F29-9497-37D1DE38A51E}.Release|Any CPU.ActiveCfg = Release|Any CPU
		{4D75D1F1-B253-4F29-9497-37D1DE38A51E}.Release|Any CPU.Build.0 = Release|Any CPU
		{0751B777-73E7-40F4-8602-DE3CA7671EC3}.Debug|Any CPU.ActiveCfg = Debug|Any CPU
		{0751B777-73E7-40F4-8602-DE3CA7671EC3}.Debug|Any CPU.Build.0 = Debug|Any CPU
		{0751B777-73E7-40F4-8602-DE3CA7671EC3}.Release|Any CPU.ActiveCfg = Release|Any CPU
		{0751B777-73E7-40F4-8602-DE3CA7671EC3}.Release|Any CPU.Build.0 = Release|Any CPU
		{8DD9936D-BEBF-4444-8CE8-DB41DA86A841}.Debug|Any CPU.ActiveCfg = Debug|Any CPU
		{8DD9936D-BEBF-4444-8CE8-DB41DA86A841}.Debug|Any CPU.Build.0 = Debug|Any CPU
		{8DD9936D-BEBF-4444-8CE8-DB41DA86A841}.Release|Any CPU.ActiveCfg = Release|Any CPU
		{8DD9936D-BEBF-4444-8CE8-DB41DA86A841}.Release|Any CPU.Build.0 = Release|Any CPU
		{7ECC4D13-9399-44D4-8DD8-69E151DCA9D7}.Debug|Any CPU.ActiveCfg = Debug|Any CPU
		{7ECC4D13-9399-44D4-8DD8-69E151DCA9D7}.Debug|Any CPU.Build.0 = Debug|Any CPU
		{7ECC4D13-9399-44D4-8DD8-69E151DCA9D7}.Release|Any CPU.ActiveCfg = Release|Any CPU
		{7ECC4D13-9399-44D4-8DD8-69E151DCA9D7}.Release|Any CPU.Build.0 = Release|Any CPU
		{83D8B6D4-7F2C-4E89-9774-A32660EA0CED}.Debug|Any CPU.ActiveCfg = Debug|Any CPU
		{83D8B6D4-7F2C-4E89-9774-A32660EA0CED}.Debug|Any CPU.Build.0 = Debug|Any CPU
		{83D8B6D4-7F2C-4E89-9774-A32660EA0CED}.Release|Any CPU.ActiveCfg = Release|Any CPU
		{83D8B6D4-7F2C-4E89-9774-A32660EA0CED}.Release|Any CPU.Build.0 = Release|Any CPU
	EndGlobalSection
	GlobalSection(SolutionProperties) = preSolution
		HideSolutionNode = FALSE
	EndGlobalSection
	GlobalSection(ExtensibilityGlobals) = postSolution
		SolutionGuid = {36468488-6E30-471C-8045-9ABE071D31E5}
	EndGlobalSection
EndGlobal
